// !$*UTF8*$!
{
	archiveVersion = 1;
	classes = {
	};
	objectVersion = 50;
	objects = {

/* Begin PBXBuildFile section */
		2F11DC33DE3A79ED352C935E /* Pods_Flickr_Client_Application.framework in Frameworks */ = {isa = PBXBuildFile; fileRef = 42A2C96EBF5AD8EBA769192F /* Pods_Flickr_Client_Application.framework */; };
		5765B92B22E5E2E0002F21F0 /* PhotosView.swift in Sources */ = {isa = PBXBuildFile; fileRef = 5765B92A22E5E2E0002F21F0 /* PhotosView.swift */; };
		5765B92D22E5E2F0002F21F0 /* DetailView.swift in Sources */ = {isa = PBXBuildFile; fileRef = 5765B92C22E5E2F0002F21F0 /* DetailView.swift */; };
		5765B93022E5E31C002F21F0 /* PhotosViewController.swift in Sources */ = {isa = PBXBuildFile; fileRef = 5765B92E22E5E31C002F21F0 /* PhotosViewController.swift */; };
		5765B93122E5E31C002F21F0 /* DetailViewController.swift in Sources */ = {isa = PBXBuildFile; fileRef = 5765B92F22E5E31C002F21F0 /* DetailViewController.swift */; };
		5765B93322E60CDB002F21F0 /* FlickrPagedImageResult.swift in Sources */ = {isa = PBXBuildFile; fileRef = 5765B93222E60CDB002F21F0 /* FlickrPagedImageResult.swift */; };
		5765B93522E61197002F21F0 /* FlickrImageResult.swift in Sources */ = {isa = PBXBuildFile; fileRef = 5765B93422E61197002F21F0 /* FlickrImageResult.swift */; };
		5776E29422DE26880022E3F1 /* Service.swift in Sources */ = {isa = PBXBuildFile; fileRef = 5776E29322DE26880022E3F1 /* Service.swift */; };
		57A9D94022D69291002F3C8C /* PhotoTableViewCell.swift in Sources */ = {isa = PBXBuildFile; fileRef = 57A9D93F22D69291002F3C8C /* PhotoTableViewCell.swift */; };
		57A9D94222D692A9002F3C8C /* FlickrURLs.swift in Sources */ = {isa = PBXBuildFile; fileRef = 57A9D94122D692A9002F3C8C /* FlickrURLs.swift */; };
		57A9D94422D692C2002F3C8C /* PhotoViewModel.swift in Sources */ = {isa = PBXBuildFile; fileRef = 57A9D94322D692C2002F3C8C /* PhotoViewModel.swift */; };
		57F3D11722CD6A5000F3D581 /* AppDelegate.swift in Sources */ = {isa = PBXBuildFile; fileRef = 57F3D11622CD6A5000F3D581 /* AppDelegate.swift */; };
		57F3D11E22CD6A5200F3D581 /* Assets.xcassets in Resources */ = {isa = PBXBuildFile; fileRef = 57F3D11D22CD6A5200F3D581 /* Assets.xcassets */; };
		57F3D12122CD6A5200F3D581 /* LaunchScreen.storyboard in Resources */ = {isa = PBXBuildFile; fileRef = 57F3D11F22CD6A5200F3D581 /* LaunchScreen.storyboard */; };
/* End PBXBuildFile section */

/* Begin PBXFileReference section */
		42A2C96EBF5AD8EBA769192F /* Pods_Flickr_Client_Application.framework */ = {isa = PBXFileReference; explicitFileType = wrapper.framework; includeInIndex = 0; path = Pods_Flickr_Client_Application.framework; sourceTree = BUILT_PRODUCTS_DIR; };
		5765B92A22E5E2E0002F21F0 /* PhotosView.swift */ = {isa = PBXFileReference; lastKnownFileType = sourcecode.swift; name = PhotosView.swift; path = View/PhotosView.swift; sourceTree = "<group>"; };
		5765B92C22E5E2F0002F21F0 /* DetailView.swift */ = {isa = PBXFileReference; lastKnownFileType = sourcecode.swift; name = DetailView.swift; path = View/DetailView.swift; sourceTree = "<group>"; };
		5765B92E22E5E31C002F21F0 /* PhotosViewController.swift */ = {isa = PBXFileReference; fileEncoding = 4; lastKnownFileType = sourcecode.swift; name = PhotosViewController.swift; path = ViewController/PhotosViewController.swift; sourceTree = "<group>"; };
		5765B92F22E5E31C002F21F0 /* DetailViewController.swift */ = {isa = PBXFileReference; fileEncoding = 4; lastKnownFileType = sourcecode.swift; name = DetailViewController.swift; path = ViewController/DetailViewController.swift; sourceTree = "<group>"; };
		5765B93222E60CDB002F21F0 /* FlickrPagedImageResult.swift */ = {isa = PBXFileReference; lastKnownFileType = sourcecode.swift; name = FlickrPagedImageResult.swift; path = Model/FlickrPagedImageResult.swift; sourceTree = "<group>"; };
		5765B93422E61197002F21F0 /* FlickrImageResult.swift */ = {isa = PBXFileReference; lastKnownFileType = sourcecode.swift; name = FlickrImageResult.swift; path = Model/FlickrImageResult.swift; sourceTree = "<group>"; };
		5776E29022DE251A0022E3F1 /* Magpie */ = {isa = PBXFileReference; lastKnownFileType = folder; name = Magpie; path = "../../Downloads/magpie-master/Magpie"; sourceTree = "<group>"; };
		5776E29322DE26880022E3F1 /* Service.swift */ = {isa = PBXFileReference; lastKnownFileType = sourcecode.swift; name = Service.swift; path = Service/Service.swift; sourceTree = "<group>"; };
		57A9D93F22D69291002F3C8C /* PhotoTableViewCell.swift */ = {isa = PBXFileReference; lastKnownFileType = sourcecode.swift; name = PhotoTableViewCell.swift; path = View/PhotoTableViewCell.swift; sourceTree = "<group>"; };
		57A9D94122D692A9002F3C8C /* FlickrURLs.swift */ = {isa = PBXFileReference; lastKnownFileType = sourcecode.swift; name = FlickrURLs.swift; path = Model/FlickrURLs.swift; sourceTree = "<group>"; };
		57A9D94322D692C2002F3C8C /* PhotoViewModel.swift */ = {isa = PBXFileReference; lastKnownFileType = sourcecode.swift; name = PhotoViewModel.swift; path = ViewModel/PhotoViewModel.swift; sourceTree = "<group>"; };
		57F3D11322CD6A5000F3D581 /* Flickr Client Application.app */ = {isa = PBXFileReference; explicitFileType = wrapper.application; includeInIndex = 0; path = "Flickr Client Application.app"; sourceTree = BUILT_PRODUCTS_DIR; };
		57F3D11622CD6A5000F3D581 /* AppDelegate.swift */ = {isa = PBXFileReference; lastKnownFileType = sourcecode.swift; path = AppDelegate.swift; sourceTree = "<group>"; };
		57F3D11D22CD6A5200F3D581 /* Assets.xcassets */ = {isa = PBXFileReference; lastKnownFileType = folder.assetcatalog; path = Assets.xcassets; sourceTree = "<group>"; };
		57F3D12022CD6A5200F3D581 /* Base */ = {isa = PBXFileReference; lastKnownFileType = file.storyboard; name = Base; path = Base.lproj/LaunchScreen.storyboard; sourceTree = "<group>"; };
		57F3D12222CD6A5200F3D581 /* Info.plist */ = {isa = PBXFileReference; lastKnownFileType = text.plist.xml; path = Info.plist; sourceTree = "<group>"; };
		78EE04A05BA2F8168BEB7E25 /* Pods-Flickr Client Application.debug.xcconfig */ = {isa = PBXFileReference; includeInIndex = 1; lastKnownFileType = text.xcconfig; name = "Pods-Flickr Client Application.debug.xcconfig"; path = "Pods/Target Support Files/Pods-Flickr Client Application/Pods-Flickr Client Application.debug.xcconfig"; sourceTree = "<group>"; };
		D2BCADE851DE9AC83BFAF79D /* Pods-Flickr Client Application.release.xcconfig */ = {isa = PBXFileReference; includeInIndex = 1; lastKnownFileType = text.xcconfig; name = "Pods-Flickr Client Application.release.xcconfig"; path = "Pods/Target Support Files/Pods-Flickr Client Application/Pods-Flickr Client Application.release.xcconfig"; sourceTree = "<group>"; };
/* End PBXFileReference section */

/* Begin PBXFrameworksBuildPhase section */
		57F3D11022CD6A5000F3D581 /* Frameworks */ = {
			isa = PBXFrameworksBuildPhase;
			buildActionMask = 2147483647;
			files = (
				2F11DC33DE3A79ED352C935E /* Pods_Flickr_Client_Application.framework in Frameworks */,
			);
			runOnlyForDeploymentPostprocessing = 0;
		};
/* End PBXFrameworksBuildPhase section */

/* Begin PBXGroup section */
		5716B34522CF6D6800542754 /* Model */ = {
			isa = PBXGroup;
			children = (
				57A9D94122D692A9002F3C8C /* FlickrURLs.swift */,
				5765B93222E60CDB002F21F0 /* FlickrPagedImageResult.swift */,
				5765B93422E61197002F21F0 /* FlickrImageResult.swift */,
			);
			name = Model;
			sourceTree = "<group>";
		};
		5716B34622CF6D7400542754 /* View */ = {
			isa = PBXGroup;
			children = (
				57A9D93F22D69291002F3C8C /* PhotoTableViewCell.swift */,
				5765B92A22E5E2E0002F21F0 /* PhotosView.swift */,
				5765B92C22E5E2F0002F21F0 /* DetailView.swift */,
			);
			name = View;
			sourceTree = "<group>";
		};
		5716B34722CF6D7B00542754 /* ViewModel */ = {
			isa = PBXGroup;
			children = (
				57A9D94322D692C2002F3C8C /* PhotoViewModel.swift */,
			);
			name = ViewModel;
			sourceTree = "<group>";
		};
		5765B92922E5E250002F21F0 /* ViewController */ = {
			isa = PBXGroup;
			children = (
				5765B92F22E5E31C002F21F0 /* DetailViewController.swift */,
				5765B92E22E5E31C002F21F0 /* PhotosViewController.swift */,
			);
			name = ViewController;
			sourceTree = "<group>";
		};
		5776E29222DE265B0022E3F1 /* Service */ = {
			isa = PBXGroup;
			children = (
				5776E29322DE26880022E3F1 /* Service.swift */,
			);
			name = Service;
			sourceTree = "<group>";
		};
		57F3D10A22CD6A5000F3D581 = {
			isa = PBXGroup;
			children = (
				57F3D11522CD6A5000F3D581 /* Flickr Client Application */,
				57F3D11422CD6A5000F3D581 /* Products */,
				ED7101449088FE5DA9A2BA4F /* Pods */,
				E93934EF874920095E4583B4 /* Frameworks */,
			);
			sourceTree = "<group>";
		};
		57F3D11422CD6A5000F3D581 /* Products */ = {
			isa = PBXGroup;
			children = (
				57F3D11322CD6A5000F3D581 /* Flickr Client Application.app */,
			);
			name = Products;
			sourceTree = "<group>";
		};
		57F3D11522CD6A5000F3D581 /* Flickr Client Application */ = {
			isa = PBXGroup;
			children = (
				5765B92922E5E250002F21F0 /* ViewController */,
				5776E29222DE265B0022E3F1 /* Service */,
				5716B34722CF6D7B00542754 /* ViewModel */,
				5716B34622CF6D7400542754 /* View */,
				5716B34522CF6D6800542754 /* Model */,
				57F3D12822CD6A6B00F3D581 /* Supporting Files */,
			);
			path = "Flickr Client Application";
			sourceTree = "<group>";
		};
		57F3D12822CD6A6B00F3D581 /* Supporting Files */ = {
			isa = PBXGroup;
			children = (
				57F3D11622CD6A5000F3D581 /* AppDelegate.swift */,
				57F3D11D22CD6A5200F3D581 /* Assets.xcassets */,
				57F3D11F22CD6A5200F3D581 /* LaunchScreen.storyboard */,
				57F3D12222CD6A5200F3D581 /* Info.plist */,
			);
			name = "Supporting Files";
			sourceTree = "<group>";
		};
		E93934EF874920095E4583B4 /* Frameworks */ = {
			isa = PBXGroup;
			children = (
				5776E29022DE251A0022E3F1 /* Magpie */,
				42A2C96EBF5AD8EBA769192F /* Pods_Flickr_Client_Application.framework */,
			);
			name = Frameworks;
			sourceTree = "<group>";
		};
		ED7101449088FE5DA9A2BA4F /* Pods */ = {
			isa = PBXGroup;
			children = (
				78EE04A05BA2F8168BEB7E25 /* Pods-Flickr Client Application.debug.xcconfig */,
				D2BCADE851DE9AC83BFAF79D /* Pods-Flickr Client Application.release.xcconfig */,
			);
			name = Pods;
			sourceTree = "<group>";
		};
/* End PBXGroup section */

/* Begin PBXNativeTarget section */
		57F3D11222CD6A5000F3D581 /* Flickr Client Application */ = {
			isa = PBXNativeTarget;
			buildConfigurationList = 57F3D12522CD6A5200F3D581 /* Build configuration list for PBXNativeTarget "Flickr Client Application" */;
			buildPhases = (
				7677E343C1ED408E97114BD1 /* [CP] Check Pods Manifest.lock */,
				57F3D10F22CD6A5000F3D581 /* Sources */,
				57F3D11022CD6A5000F3D581 /* Frameworks */,
				57F3D11122CD6A5000F3D581 /* Resources */,
				614AEA82AA2084B859FB00E7 /* [CP] Embed Pods Frameworks */,
			);
			buildRules = (
			);
			dependencies = (
			);
			name = "Flickr Client Application";
			productName = "Flickr Client Application";
			productReference = 57F3D11322CD6A5000F3D581 /* Flickr Client Application.app */;
			productType = "com.apple.product-type.application";
		};
/* End PBXNativeTarget section */

/* Begin PBXProject section */
		57F3D10B22CD6A5000F3D581 /* Project object */ = {
			isa = PBXProject;
			attributes = {
				LastSwiftUpdateCheck = 1020;
				LastUpgradeCheck = 1020;
				ORGANIZATIONNAME = "Muhammed Karakul";
				TargetAttributes = {
					57F3D11222CD6A5000F3D581 = {
						CreatedOnToolsVersion = 10.2.1;
					};
				};
			};
			buildConfigurationList = 57F3D10E22CD6A5000F3D581 /* Build configuration list for PBXProject "Flickr Client Application" */;
			compatibilityVersion = "Xcode 9.3";
			developmentRegion = en;
			hasScannedForEncodings = 0;
			knownRegions = (
				en,
				Base,
			);
			mainGroup = 57F3D10A22CD6A5000F3D581;
			productRefGroup = 57F3D11422CD6A5000F3D581 /* Products */;
			projectDirPath = "";
			projectRoot = "";
			targets = (
				57F3D11222CD6A5000F3D581 /* Flickr Client Application */,
			);
		};
/* End PBXProject section */

/* Begin PBXResourcesBuildPhase section */
		57F3D11122CD6A5000F3D581 /* Resources */ = {
			isa = PBXResourcesBuildPhase;
			buildActionMask = 2147483647;
			files = (
				57F3D12122CD6A5200F3D581 /* LaunchScreen.storyboard in Resources */,
				57F3D11E22CD6A5200F3D581 /* Assets.xcassets in Resources */,
			);
			runOnlyForDeploymentPostprocessing = 0;
		};
/* End PBXResourcesBuildPhase section */

/* Begin PBXShellScriptBuildPhase section */
		614AEA82AA2084B859FB00E7 /* [CP] Embed Pods Frameworks */ = {
			isa = PBXShellScriptBuildPhase;
			buildActionMask = 2147483647;
			files = (
			);
			inputPaths = (
				"${SRCROOT}/Pods/Target Support Files/Pods-Flickr Client Application/Pods-Flickr Client Application-frameworks.sh",
				"${BUILT_PRODUCTS_DIR}/Alamofire/Alamofire.framework",
				"${BUILT_PRODUCTS_DIR}/Kingfisher/Kingfisher.framework",
				"${BUILT_PRODUCTS_DIR}/SVProgressHUD/SVProgressHUD.framework",
				"${BUILT_PRODUCTS_DIR}/SnapKit/SnapKit.framework",
			);
			name = "[CP] Embed Pods Frameworks";
			outputPaths = (
				"${TARGET_BUILD_DIR}/${FRAMEWORKS_FOLDER_PATH}/Alamofire.framework",
				"${TARGET_BUILD_DIR}/${FRAMEWORKS_FOLDER_PATH}/Kingfisher.framework",
				"${TARGET_BUILD_DIR}/${FRAMEWORKS_FOLDER_PATH}/SVProgressHUD.framework",
				"${TARGET_BUILD_DIR}/${FRAMEWORKS_FOLDER_PATH}/SnapKit.framework",
			);
			runOnlyForDeploymentPostprocessing = 0;
			shellPath = /bin/sh;
			shellScript = "\"${SRCROOT}/Pods/Target Support Files/Pods-Flickr Client Application/Pods-Flickr Client Application-frameworks.sh\"\n";
			showEnvVarsInLog = 0;
		};
		7677E343C1ED408E97114BD1 /* [CP] Check Pods Manifest.lock */ = {
			isa = PBXShellScriptBuildPhase;
			buildActionMask = 2147483647;
			files = (
			);
			inputPaths = (
				"${PODS_PODFILE_DIR_PATH}/Podfile.lock",
				"${PODS_ROOT}/Manifest.lock",
			);
			name = "[CP] Check Pods Manifest.lock";
			outputPaths = (
				"$(DERIVED_FILE_DIR)/Pods-Flickr Client Application-checkManifestLockResult.txt",
			);
			runOnlyForDeploymentPostprocessing = 0;
			shellPath = /bin/sh;
			shellScript = "diff \"${PODS_PODFILE_DIR_PATH}/Podfile.lock\" \"${PODS_ROOT}/Manifest.lock\" > /dev/null\nif [ $? != 0 ] ; then\n    # print error to STDERR\n    echo \"error: The sandbox is not in sync with the Podfile.lock. Run 'pod install' or update your CocoaPods installation.\" >&2\n    exit 1\nfi\n# This output is used by Xcode 'outputs' to avoid re-running this script phase.\necho \"SUCCESS\" > \"${SCRIPT_OUTPUT_FILE_0}\"\n";
			showEnvVarsInLog = 0;
		};
/* End PBXShellScriptBuildPhase section */

/* Begin PBXSourcesBuildPhase section */
		57F3D10F22CD6A5000F3D581 /* Sources */ = {
			isa = PBXSourcesBuildPhase;
			buildActionMask = 2147483647;
			files = (
				5765B93122E5E31C002F21F0 /* DetailViewController.swift in Sources */,
				57A9D94022D69291002F3C8C /* PhotoTableViewCell.swift in Sources */,
				5765B93022E5E31C002F21F0 /* PhotosViewController.swift in Sources */,
				5765B93322E60CDB002F21F0 /* FlickrPagedImageResult.swift in Sources */,
				5765B92D22E5E2F0002F21F0 /* DetailView.swift in Sources */,
				5765B93522E61197002F21F0 /* FlickrImageResult.swift in Sources */,
				57F3D11722CD6A5000F3D581 /* AppDelegate.swift in Sources */,
				57A9D94222D692A9002F3C8C /* FlickrURLs.swift in Sources */,
				5765B92B22E5E2E0002F21F0 /* PhotosView.swift in Sources */,
				57A9D94422D692C2002F3C8C /* PhotoViewModel.swift in Sources */,
				5776E29422DE26880022E3F1 /* Service.swift in Sources */,
			);
			runOnlyForDeploymentPostprocessing = 0;
		};
/* End PBXSourcesBuildPhase section */

/* Begin PBXVariantGroup section */
		57F3D11F22CD6A5200F3D581 /* LaunchScreen.storyboard */ = {
			isa = PBXVariantGroup;
			children = (
				57F3D12022CD6A5200F3D581 /* Base */,
			);
			name = LaunchScreen.storyboard;
			sourceTree = "<group>";
		};
/* End PBXVariantGroup section */

/* Begin XCBuildConfiguration section */
		57F3D12322CD6A5200F3D581 /* Debug */ = {
			isa = XCBuildConfiguration;
			buildSettings = {
				ALWAYS_SEARCH_USER_PATHS = NO;
				CLANG_ANALYZER_NONNULL = YES;
				CLANG_ANALYZER_NUMBER_OBJECT_CONVERSION = YES_AGGRESSIVE;
				CLANG_CXX_LANGUAGE_STANDARD = "gnu++14";
				CLANG_CXX_LIBRARY = "libc++";
				CLANG_ENABLE_MODULES = YES;
				CLANG_ENABLE_OBJC_ARC = YES;
				CLANG_ENABLE_OBJC_WEAK = YES;
				CLANG_WARN_BLOCK_CAPTURE_AUTORELEASING = YES;
				CLANG_WARN_BOOL_CONVERSION = YES;
				CLANG_WARN_COMMA = YES;
				CLANG_WARN_CONSTANT_CONVERSION = YES;
				CLANG_WARN_DEPRECATED_OBJC_IMPLEMENTATIONS = YES;
				CLANG_WARN_DIRECT_OBJC_ISA_USAGE = YES_ERROR;
				CLANG_WARN_DOCUMENTATION_COMMENTS = YES;
				CLANG_WARN_EMPTY_BODY = YES;
				CLANG_WARN_ENUM_CONVERSION = YES;
				CLANG_WARN_INFINITE_RECURSION = YES;
				CLANG_WARN_INT_CONVERSION = YES;
				CLANG_WARN_NON_LITERAL_NULL_CONVERSION = YES;
				CLANG_WARN_OBJC_IMPLICIT_RETAIN_SELF = YES;
				CLANG_WARN_OBJC_LITERAL_CONVERSION = YES;
				CLANG_WARN_OBJC_ROOT_CLASS = YES_ERROR;
				CLANG_WARN_RANGE_LOOP_ANALYSIS = YES;
				CLANG_WARN_STRICT_PROTOTYPES = YES;
				CLANG_WARN_SUSPICIOUS_MOVE = YES;
				CLANG_WARN_UNGUARDED_AVAILABILITY = YES_AGGRESSIVE;
				CLANG_WARN_UNREACHABLE_CODE = YES;
				CLANG_WARN__DUPLICATE_METHOD_MATCH = YES;
				CODE_SIGN_IDENTITY = "iPhone Developer";
				COPY_PHASE_STRIP = NO;
				DEBUG_INFORMATION_FORMAT = dwarf;
				ENABLE_STRICT_OBJC_MSGSEND = YES;
				ENABLE_TESTABILITY = YES;
				GCC_C_LANGUAGE_STANDARD = gnu11;
				GCC_DYNAMIC_NO_PIC = NO;
				GCC_NO_COMMON_BLOCKS = YES;
				GCC_OPTIMIZATION_LEVEL = 0;
				GCC_PREPROCESSOR_DEFINITIONS = (
					"DEBUG=1",
					"$(inherited)",
				);
				GCC_WARN_64_TO_32_BIT_CONVERSION = YES;
				GCC_WARN_ABOUT_RETURN_TYPE = YES_ERROR;
				GCC_WARN_UNDECLARED_SELECTOR = YES;
				GCC_WARN_UNINITIALIZED_AUTOS = YES_AGGRESSIVE;
				GCC_WARN_UNUSED_FUNCTION = YES;
				GCC_WARN_UNUSED_VARIABLE = YES;
				IPHONEOS_DEPLOYMENT_TARGET = 12.2;
				MTL_ENABLE_DEBUG_INFO = INCLUDE_SOURCE;
				MTL_FAST_MATH = YES;
				ONLY_ACTIVE_ARCH = YES;
				SDKROOT = iphoneos;
				SWIFT_ACTIVE_COMPILATION_CONDITIONS = DEBUG;
				SWIFT_OPTIMIZATION_LEVEL = "-Onone";
			};
			name = Debug;
		};
		57F3D12422CD6A5200F3D581 /* Release */ = {
			isa = XCBuildConfiguration;
			buildSettings = {
				ALWAYS_SEARCH_USER_PATHS = NO;
				CLANG_ANALYZER_NONNULL = YES;
				CLANG_ANALYZER_NUMBER_OBJECT_CONVERSION = YES_AGGRESSIVE;
				CLANG_CXX_LANGUAGE_STANDARD = "gnu++14";
				CLANG_CXX_LIBRARY = "libc++";
				CLANG_ENABLE_MODULES = YES;
				CLANG_ENABLE_OBJC_ARC = YES;
				CLANG_ENABLE_OBJC_WEAK = YES;
				CLANG_WARN_BLOCK_CAPTURE_AUTORELEASING = YES;
				CLANG_WARN_BOOL_CONVERSION = YES;
				CLANG_WARN_COMMA = YES;
				CLANG_WARN_CONSTANT_CONVERSION = YES;
				CLANG_WARN_DEPRECATED_OBJC_IMPLEMENTATIONS = YES;
				CLANG_WARN_DIRECT_OBJC_ISA_USAGE = YES_ERROR;
				CLANG_WARN_DOCUMENTATION_COMMENTS = YES;
				CLANG_WARN_EMPTY_BODY = YES;
				CLANG_WARN_ENUM_CONVERSION = YES;
				CLANG_WARN_INFINITE_RECURSION = YES;
				CLANG_WARN_INT_CONVERSION = YES;
				CLANG_WARN_NON_LITERAL_NULL_CONVERSION = YES;
				CLANG_WARN_OBJC_IMPLICIT_RETAIN_SELF = YES;
				CLANG_WARN_OBJC_LITERAL_CONVERSION = YES;
				CLANG_WARN_OBJC_ROOT_CLASS = YES_ERROR;
				CLANG_WARN_RANGE_LOOP_ANALYSIS = YES;
				CLANG_WARN_STRICT_PROTOTYPES = YES;
				CLANG_WARN_SUSPICIOUS_MOVE = YES;
				CLANG_WARN_UNGUARDED_AVAILABILITY = YES_AGGRESSIVE;
				CLANG_WARN_UNREACHABLE_CODE = YES;
				CLANG_WARN__DUPLICATE_METHOD_MATCH = YES;
				CODE_SIGN_IDENTITY = "iPhone Developer";
				COPY_PHASE_STRIP = NO;
				DEBUG_INFORMATION_FORMAT = "dwarf-with-dsym";
				ENABLE_NS_ASSERTIONS = NO;
				ENABLE_STRICT_OBJC_MSGSEND = YES;
				GCC_C_LANGUAGE_STANDARD = gnu11;
				GCC_NO_COMMON_BLOCKS = YES;
				GCC_WARN_64_TO_32_BIT_CONVERSION = YES;
				GCC_WARN_ABOUT_RETURN_TYPE = YES_ERROR;
				GCC_WARN_UNDECLARED_SELECTOR = YES;
				GCC_WARN_UNINITIALIZED_AUTOS = YES_AGGRESSIVE;
				GCC_WARN_UNUSED_FUNCTION = YES;
				GCC_WARN_UNUSED_VARIABLE = YES;
				IPHONEOS_DEPLOYMENT_TARGET = 12.2;
				MTL_ENABLE_DEBUG_INFO = NO;
				MTL_FAST_MATH = YES;
				SDKROOT = iphoneos;
				SWIFT_COMPILATION_MODE = wholemodule;
				SWIFT_OPTIMIZATION_LEVEL = "-O";
				VALIDATE_PRODUCT = YES;
			};
			name = Release;
		};
		57F3D12622CD6A5200F3D581 /* Debug */ = {
			isa = XCBuildConfiguration;
			baseConfigurationReference = 78EE04A05BA2F8168BEB7E25 /* Pods-Flickr Client Application.debug.xcconfig */;
			buildSettings = {
				ASSETCATALOG_COMPILER_APPICON_NAME = AppIcon;
				CODE_SIGN_STYLE = Automatic;
				DEVELOPMENT_TEAM = P3PB4F7F3W;
				INFOPLIST_FILE = "Flickr Client Application/Info.plist";
				IPHONEOS_DEPLOYMENT_TARGET = 11.0;
				LD_RUNPATH_SEARCH_PATHS = (
					"$(inherited)",
					"@executable_path/Frameworks",
				);
				PRODUCT_BUNDLE_IDENTIFIER = "com.muhammedkarakul.Flickr-Client-Application";
				PRODUCT_NAME = "$(TARGET_NAME)";
				SWIFT_VERSION = 5.0;
				TARGETED_DEVICE_FAMILY = 1;
			};
			name = Debug;
		};
		57F3D12722CD6A5200F3D581 /* Release */ = {
			isa = XCBuildConfiguration;
			baseConfigurationReference = D2BCADE851DE9AC83BFAF79D /* Pods-Flickr Client Application.release.xcconfig */;
			buildSettings = {
				ASSETCATALOG_COMPILER_APPICON_NAME = AppIcon;
				CODE_SIGN_STYLE = Automatic;
				DEVELOPMENT_TEAM = P3PB4F7F3W;
				INFOPLIST_FILE = "Flickr Client Application/Info.plist";
				IPHONEOS_DEPLOYMENT_TARGET = 11.0;
				LD_RUNPATH_SEARCH_PATHS = (
					"$(inherited)",
					"@executable_path/Frameworks",
				);
				PRODUCT_BUNDLE_IDENTIFIER = "com.muhammedkarakul.Flickr-Client-Application";
				PRODUCT_NAME = "$(TARGET_NAME)";
				SWIFT_VERSION = 5.0;
				TARGETED_DEVICE_FAMILY = 1;
			};
			name = Release;
		};
/* End XCBuildConfiguration section */

/* Begin XCConfigurationList section */
		57F3D10E22CD6A5000F3D581 /* Build configuration list for PBXProject "Flickr Client Application" */ = {
			isa = XCConfigurationList;
			buildConfigurations = (
				57F3D12322CD6A5200F3D581 /* Debug */,
				57F3D12422CD6A5200F3D581 /* Release */,
			);
			defaultConfigurationIsVisible = 0;
			defaultConfigurationName = Release;
		};
		57F3D12522CD6A5200F3D581 /* Build configuration list for PBXNativeTarget "Flickr Client Application" */ = {
			isa = XCConfigurationList;
			buildConfigurations = (
				57F3D12622CD6A5200F3D581 /* Debug */,
				57F3D12722CD6A5200F3D581 /* Release */,
			);
			defaultConfigurationIsVisible = 0;
			defaultConfigurationName = Release;
		};
/* End XCConfigurationList section */
	};
	rootObject = 57F3D10B22CD6A5000F3D581 /* Project object */;
}
